// !$*UTF8*$!
{
	archiveVersion = 1;
	classes = {
	};
	objectVersion = 56;
	objects = {

/* Begin PBXBuildFile section */
		2A2D5C232ACB119600230547 /* AppDelegate.swift in Sources */ = {isa = PBXBuildFile; fileRef = 2A2D5C222ACB119600230547 /* AppDelegate.swift */; };
		2A2D5C252ACB119600230547 /* SceneDelegate.swift in Sources */ = {isa = PBXBuildFile; fileRef = 2A2D5C242ACB119600230547 /* SceneDelegate.swift */; };
		2A2D5C272ACB119600230547 /* ViewController.swift in Sources */ = {isa = PBXBuildFile; fileRef = 2A2D5C262ACB119600230547 /* ViewController.swift */; };
		2A2D5C2A2ACB119600230547 /* Main.storyboard in Resources */ = {isa = PBXBuildFile; fileRef = 2A2D5C282ACB119600230547 /* Main.storyboard */; };
		2A2D5C2D2ACB119600230547 /* clickerApp.xcdatamodeld in Sources */ = {isa = PBXBuildFile; fileRef = 2A2D5C2B2ACB119600230547 /* clickerApp.xcdatamodeld */; };
		2A2D5C2F2ACB119700230547 /* Assets.xcassets in Resources */ = {isa = PBXBuildFile; fileRef = 2A2D5C2E2ACB119700230547 /* Assets.xcassets */; };
		2A2D5C322ACB119700230547 /* LaunchScreen.storyboard in Resources */ = {isa = PBXBuildFile; fileRef = 2A2D5C302ACB119700230547 /* LaunchScreen.storyboard */; };
		2A2D5C3D2ACB119800230547 /* clickerAppTests.swift in Sources */ = {isa = PBXBuildFile; fileRef = 2A2D5C3C2ACB119800230547 /* clickerAppTests.swift */; };
		2A2D5C472ACB119800230547 /* clickerAppUITests.swift in Sources */ = {isa = PBXBuildFile; fileRef = 2A2D5C462ACB119800230547 /* clickerAppUITests.swift */; };
		2A2D5C492ACB119800230547 /* clickerAppUITestsLaunchTests.swift in Sources */ = {isa = PBXBuildFile; fileRef = 2A2D5C482ACB119800230547 /* clickerAppUITestsLaunchTests.swift */; };
		2AA2CF5B2ACDACBF008A3D08 /* ViewControllerShop.swift in Sources */ = {isa = PBXBuildFile; fileRef = 2AA2CF5A2ACDACBF008A3D08 /* ViewControllerShop.swift */; };
/* End PBXBuildFile section */

/* Begin PBXContainerItemProxy section */
		2A2D5C392ACB119800230547 /* PBXContainerItemProxy */ = {
			isa = PBXContainerItemProxy;
			containerPortal = 2A2D5C172ACB119600230547 /* Project object */;
			proxyType = 1;
			remoteGlobalIDString = 2A2D5C1E2ACB119600230547;
			remoteInfo = clickerApp;
		};
		2A2D5C432ACB119800230547 /* PBXContainerItemProxy */ = {
			isa = PBXContainerItemProxy;
			containerPortal = 2A2D5C172ACB119600230547 /* Project object */;
			proxyType = 1;
			remoteGlobalIDString = 2A2D5C1E2ACB119600230547;
			remoteInfo = clickerApp;
		};
/* End PBXContainerItemProxy section */

/* Begin PBXFileReference section */
		2A2D5C1F2ACB119600230547 /* clickerApp.app */ = {isa = PBXFileReference; explicitFileType = wrapper.application; includeInIndex = 0; path = clickerApp.app; sourceTree = BUILT_PRODUCTS_DIR; };
		2A2D5C222ACB119600230547 /* AppDelegate.swift */ = {isa = PBXFileReference; lastKnownFileType = sourcecode.swift; path = AppDelegate.swift; sourceTree = "<group>"; };
		2A2D5C242ACB119600230547 /* SceneDelegate.swift */ = {isa = PBXFileReference; lastKnownFileType = sourcecode.swift; path = SceneDelegate.swift; sourceTree = "<group>"; };
		2A2D5C262ACB119600230547 /* ViewController.swift */ = {isa = PBXFileReference; lastKnownFileType = sourcecode.swift; path = ViewController.swift; sourceTree = "<group>"; };
		2A2D5C292ACB119600230547 /* Base */ = {isa = PBXFileReference; lastKnownFileType = file.storyboard; name = Base; path = Base.lproj/Main.storyboard; sourceTree = "<group>"; };
		2A2D5C2C2ACB119600230547 /* clickerApp.xcdatamodel */ = {isa = PBXFileReference; lastKnownFileType = wrapper.xcdatamodel; path = clickerApp.xcdatamodel; sourceTree = "<group>"; };
		2A2D5C2E2ACB119700230547 /* Assets.xcassets */ = {isa = PBXFileReference; lastKnownFileType = folder.assetcatalog; path = Assets.xcassets; sourceTree = "<group>"; };
		2A2D5C312ACB119700230547 /* Base */ = {isa = PBXFileReference; lastKnownFileType = file.storyboard; name = Base; path = Base.lproj/LaunchScreen.storyboard; sourceTree = "<group>"; };
		2A2D5C332ACB119700230547 /* Info.plist */ = {isa = PBXFileReference; lastKnownFileType = text.plist.xml; path = Info.plist; sourceTree = "<group>"; };
		2A2D5C382ACB119800230547 /* clickerAppTests.xctest */ = {isa = PBXFileReference; explicitFileType = wrapper.cfbundle; includeInIndex = 0; path = clickerAppTests.xctest; sourceTree = BUILT_PRODUCTS_DIR; };
		2A2D5C3C2ACB119800230547 /* clickerAppTests.swift */ = {isa = PBXFileReference; lastKnownFileType = sourcecode.swift; path = clickerAppTests.swift; sourceTree = "<group>"; };
		2A2D5C422ACB119800230547 /* clickerAppUITests.xctest */ = {isa = PBXFileReference; explicitFileType = wrapper.cfbundle; includeInIndex = 0; path = clickerAppUITests.xctest; sourceTree = BUILT_PRODUCTS_DIR; };
		2A2D5C462ACB119800230547 /* clickerAppUITests.swift */ = {isa = PBXFileReference; lastKnownFileType = sourcecode.swift; path = clickerAppUITests.swift; sourceTree = "<group>"; };
		2A2D5C482ACB119800230547 /* clickerAppUITestsLaunchTests.swift */ = {isa = PBXFileReference; lastKnownFileType = sourcecode.swift; path = clickerAppUITestsLaunchTests.swift; sourceTree = "<group>"; };
		2AA2CF5A2ACDACBF008A3D08 /* ViewControllerShop.swift */ = {isa = PBXFileReference; lastKnownFileType = sourcecode.swift; path = ViewControllerShop.swift; sourceTree = "<group>"; };
/* End PBXFileReference section */

/* Begin PBXFrameworksBuildPhase section */
		2A2D5C1C2ACB119600230547 /* Frameworks */ = {
			isa = PBXFrameworksBuildPhase;
			buildActionMask = 2147483647;
			files = (
			);
			runOnlyForDeploymentPostprocessing = 0;
		};
		2A2D5C352ACB119800230547 /* Frameworks */ = {
			isa = PBXFrameworksBuildPhase;
			buildActionMask = 2147483647;
			files = (
			);
			runOnlyForDeploymentPostprocessing = 0;
		};
		2A2D5C3F2ACB119800230547 /* Frameworks */ = {
			isa = PBXFrameworksBuildPhase;
			buildActionMask = 2147483647;
			files = (
			);
			runOnlyForDeploymentPostprocessing = 0;
		};
/* End PBXFrameworksBuildPhase section */

/* Begin PBXGroup section */
		2A2D5C162ACB119600230547 = {
			isa = PBXGroup;
			children = (
				2A2D5C212ACB119600230547 /* clickerApp */,
				2A2D5C3B2ACB119800230547 /* clickerAppTests */,
				2A2D5C452ACB119800230547 /* clickerAppUITests */,
				2A2D5C202ACB119600230547 /* Products */,
			);
			sourceTree = "<group>";
		};
		2A2D5C202ACB119600230547 /* Products */ = {
			isa = PBXGroup;
			children = (
				2A2D5C1F2ACB119600230547 /* clickerApp.app */,
				2A2D5C382ACB119800230547 /* clickerAppTests.xctest */,
				2A2D5C422ACB119800230547 /* clickerAppUITests.xctest */,
			);
			name = Products;
			sourceTree = "<group>";
		};
		2A2D5C212ACB119600230547 /* clickerApp */ = {
			isa = PBXGroup;
			children = (
				2A2D5C222ACB119600230547 /* AppDelegate.swift */,
				2A2D5C242ACB119600230547 /* SceneDelegate.swift */,
				2AA2CF5A2ACDACBF008A3D08 /* ViewControllerShop.swift */,
				2A2D5C262ACB119600230547 /* ViewController.swift */,
				2A2D5C282ACB119600230547 /* Main.storyboard */,
				2A2D5C2E2ACB119700230547 /* Assets.xcassets */,
				2A2D5C302ACB119700230547 /* LaunchScreen.storyboard */,
				2A2D5C332ACB119700230547 /* Info.plist */,
				2A2D5C2B2ACB119600230547 /* clickerApp.xcdatamodeld */,
			);
			path = clickerApp;
			sourceTree = "<group>";
		};
		2A2D5C3B2ACB119800230547 /* clickerAppTests */ = {
			isa = PBXGroup;
			children = (
				2A2D5C3C2ACB119800230547 /* clickerAppTests.swift */,
			);
			path = clickerAppTests;
			sourceTree = "<group>";
		};
		2A2D5C452ACB119800230547 /* clickerAppUITests */ = {
			isa = PBXGroup;
			children = (
				2A2D5C462ACB119800230547 /* clickerAppUITests.swift */,
				2A2D5C482ACB119800230547 /* clickerAppUITestsLaunchTests.swift */,
			);
			path = clickerAppUITests;
			sourceTree = "<group>";
		};
/* End PBXGroup section */

/* Begin PBXNativeTarget section */
		2A2D5C1E2ACB119600230547 /* clickerApp */ = {
			isa = PBXNativeTarget;
			buildConfigurationList = 2A2D5C4C2ACB119800230547 /* Build configuration list for PBXNativeTarget "clickerApp" */;
			buildPhases = (
				2A2D5C1B2ACB119600230547 /* Sources */,
				2A2D5C1C2ACB119600230547 /* Frameworks */,
				2A2D5C1D2ACB119600230547 /* Resources */,
			);
			buildRules = (
			);
			dependencies = (
			);
			name = clickerApp;
			productName = clickerApp;
			productReference = 2A2D5C1F2ACB119600230547 /* clickerApp.app */;
			productType = "com.apple.product-type.application";
		};
		2A2D5C372ACB119800230547 /* clickerAppTests */ = {
			isa = PBXNativeTarget;
			buildConfigurationList = 2A2D5C4F2ACB119800230547 /* Build configuration list for PBXNativeTarget "clickerAppTests" */;
			buildPhases = (
				2A2D5C342ACB119800230547 /* Sources */,
				2A2D5C352ACB119800230547 /* Frameworks */,
				2A2D5C362ACB119800230547 /* Resources */,
			);
			buildRules = (
			);
			dependencies = (
				2A2D5C3A2ACB119800230547 /* PBXTargetDependency */,
			);
			name = clickerAppTests;
			productName = clickerAppTests;
			productReference = 2A2D5C382ACB119800230547 /* clickerAppTests.xctest */;
			productType = "com.apple.product-type.bundle.unit-test";
		};
		2A2D5C412ACB119800230547 /* clickerAppUITests */ = {
			isa = PBXNativeTarget;
			buildConfigurationList = 2A2D5C522ACB119800230547 /* Build configuration list for PBXNativeTarget "clickerAppUITests" */;
			buildPhases = (
				2A2D5C3E2ACB119800230547 /* Sources */,
				2A2D5C3F2ACB119800230547 /* Frameworks */,
				2A2D5C402ACB119800230547 /* Resources */,
			);
			buildRules = (
			);
			dependencies = (
				2A2D5C442ACB119800230547 /* PBXTargetDependency */,
			);
			name = clickerAppUITests;
			productName = clickerAppUITests;
			productReference = 2A2D5C422ACB119800230547 /* clickerAppUITests.xctest */;
			productType = "com.apple.product-type.bundle.ui-testing";
		};
/* End PBXNativeTarget section */

/* Begin PBXProject section */
		2A2D5C172ACB119600230547 /* Project object */ = {
			isa = PBXProject;
			attributes = {
				BuildIndependentTargetsInParallel = 1;
				LastSwiftUpdateCheck = 1430;
				LastUpgradeCheck = 1430;
				TargetAttributes = {
					2A2D5C1E2ACB119600230547 = {
						CreatedOnToolsVersion = 14.3.1;
					};
					2A2D5C372ACB119800230547 = {
						CreatedOnToolsVersion = 14.3.1;
						TestTargetID = 2A2D5C1E2ACB119600230547;
					};
					2A2D5C412ACB119800230547 = {
						CreatedOnToolsVersion = 14.3.1;
						TestTargetID = 2A2D5C1E2ACB119600230547;
					};
				};
			};
			buildConfigurationList = 2A2D5C1A2ACB119600230547 /* Build configuration list for PBXProject "clickerApp" */;
			compatibilityVersion = "Xcode 14.0";
			developmentRegion = en;
			hasScannedForEncodings = 0;
			knownRegions = (
				en,
				Base,
			);
			mainGroup = 2A2D5C162ACB119600230547;
			productRefGroup = 2A2D5C202ACB119600230547 /* Products */;
			projectDirPath = "";
			projectRoot = "";
			targets = (
				2A2D5C1E2ACB119600230547 /* clickerApp */,
				2A2D5C372ACB119800230547 /* clickerAppTests */,
				2A2D5C412ACB119800230547 /* clickerAppUITests */,
			);
		};
/* End PBXProject section */

/* Begin PBXResourcesBuildPhase section */
		2A2D5C1D2ACB119600230547 /* Resources */ = {
			isa = PBXResourcesBuildPhase;
			buildActionMask = 2147483647;
			files = (
				2A2D5C322ACB119700230547 /* LaunchScreen.storyboard in Resources */,
				2A2D5C2F2ACB119700230547 /* Assets.xcassets in Resources */,
				2A2D5C2A2ACB119600230547 /* Main.storyboard in Resources */,
			);
			runOnlyForDeploymentPostprocessing = 0;
		};
		2A2D5C362ACB119800230547 /* Resources */ = {
			isa = PBXResourcesBuildPhase;
			buildActionMask = 2147483647;
			files = (
			);
			runOnlyForDeploymentPostprocessing = 0;
		};
		2A2D5C402ACB119800230547 /* Resources */ = {
			isa = PBXResourcesBuildPhase;
			buildActionMask = 2147483647;
			files = (
			);
			runOnlyForDeploymentPostprocessing = 0;
		};
/* End PBXResourcesBuildPhase section */

/* Begin PBXSourcesBuildPhase section */
		2A2D5C1B2ACB119600230547 /* Sources */ = {
			isa = PBXSourcesBuildPhase;
			buildActionMask = 2147483647;
			files = (
				2A2D5C272ACB119600230547 /* ViewController.swift in Sources */,
				2A2D5C2D2ACB119600230547 /* clickerApp.xcdatamodeld in Sources */,
				2A2D5C232ACB119600230547 /* AppDelegate.swift in Sources */,
				2AA2CF5B2ACDACBF008A3D08 /* ViewControllerShop.swift in Sources */,
				2A2D5C252ACB119600230547 /* SceneDelegate.swift in Sources */,
			);
			runOnlyForDeploymentPostprocessing = 0;
		};
		2A2D5C342ACB119800230547 /* Sources */ = {
			isa = PBXSourcesBuildPhase;
			buildActionMask = 2147483647;
			files = (
				2A2D5C3D2ACB119800230547 /* clickerAppTests.swift in Sources */,
			);
			runOnlyForDeploymentPostprocessing = 0;
		};
		2A2D5C3E2ACB119800230547 /* Sources */ = {
			isa = PBXSourcesBuildPhase;
			buildActionMask = 2147483647;
			files = (
				2A2D5C492ACB119800230547 /* clickerAppUITestsLaunchTests.swift in Sources */,
				2A2D5C472ACB119800230547 /* clickerAppUITests.swift in Sources */,
			);
			runOnlyForDeploymentPostprocessing = 0;
		};
/* End PBXSourcesBuildPhase section */

/* Begin PBXTargetDependency section */
		2A2D5C3A2ACB119800230547 /* PBXTargetDependency */ = {
			isa = PBXTargetDependency;
			target = 2A2D5C1E2ACB119600230547 /* clickerApp */;
			targetProxy = 2A2D5C392ACB119800230547 /* PBXContainerItemProxy */;
		};
		2A2D5C442ACB119800230547 /* PBXTargetDependency */ = {
			isa = PBXTargetDependency;
			target = 2A2D5C1E2ACB119600230547 /* clickerApp */;
			targetProxy = 2A2D5C432ACB119800230547 /* PBXContainerItemProxy */;
		};
/* End PBXTargetDependency section */

/* Begin PBXVariantGroup section */
		2A2D5C282ACB119600230547 /* Main.storyboard */ = {
			isa = PBXVariantGroup;
			children = (
				2A2D5C292ACB119600230547 /* Base */,
			);
			name = Main.storyboard;
			sourceTree = "<group>";
		};
		2A2D5C302ACB119700230547 /* LaunchScreen.storyboard */ = {
			isa = PBXVariantGroup;
			children = (
				2A2D5C312ACB119700230547 /* Base */,
			);
			name = LaunchScreen.storyboard;
			sourceTree = "<group>";
		};
/* End PBXVariantGroup section */

/* Begin XCBuildConfiguration section */
		2A2D5C4A2ACB119800230547 /* Debug */ = {
			isa = XCBuildConfiguration;
			buildSettings = {
				ALWAYS_SEARCH_USER_PATHS = NO;
				CLANG_ANALYZER_NONNULL = YES;
				CLANG_ANALYZER_NUMBER_OBJECT_CONVERSION = YES_AGGRESSIVE;
				CLANG_CXX_LANGUAGE_STANDARD = "gnu++20";
				CLANG_ENABLE_MODULES = YES;
				CLANG_ENABLE_OBJC_ARC = YES;
				CLANG_ENABLE_OBJC_WEAK = YES;
				CLANG_WARN_BLOCK_CAPTURE_AUTORELEASING = YES;
				CLANG_WARN_BOOL_CONVERSION = YES;
				CLANG_WARN_COMMA = YES;
				CLANG_WARN_CONSTANT_CONVERSION = YES;
				CLANG_WARN_DEPRECATED_OBJC_IMPLEMENTATIONS = YES;
				CLANG_WARN_DIRECT_OBJC_ISA_USAGE = YES_ERROR;
				CLANG_WARN_DOCUMENTATION_COMMENTS = YES;
				CLANG_WARN_EMPTY_BODY = YES;
				CLANG_WARN_ENUM_CONVERSION = YES;
				CLANG_WARN_INFINITE_RECURSION = YES;
				CLANG_WARN_INT_CONVERSION = YES;
				CLANG_WARN_NON_LITERAL_NULL_CONVERSION = YES;
				CLANG_WARN_OBJC_IMPLICIT_RETAIN_SELF = YES;
				CLANG_WARN_OBJC_LITERAL_CONVERSION = YES;
				CLANG_WARN_OBJC_ROOT_CLASS = YES_ERROR;
				CLANG_WARN_QUOTED_INCLUDE_IN_FRAMEWORK_HEADER = YES;
				CLANG_WARN_RANGE_LOOP_ANALYSIS = YES;
				CLANG_WARN_STRICT_PROTOTYPES = YES;
				CLANG_WARN_SUSPICIOUS_MOVE = YES;
				CLANG_WARN_UNGUARDED_AVAILABILITY = YES_AGGRESSIVE;
				CLANG_WARN_UNREACHABLE_CODE = YES;
				CLANG_WARN__DUPLICATE_METHOD_MATCH = YES;
				COPY_PHASE_STRIP = NO;
				DEBUG_INFORMATION_FORMAT = dwarf;
				ENABLE_STRICT_OBJC_MSGSEND = YES;
				ENABLE_TESTABILITY = YES;
				GCC_C_LANGUAGE_STANDARD = gnu11;
				GCC_DYNAMIC_NO_PIC = NO;
				GCC_NO_COMMON_BLOCKS = YES;
				GCC_OPTIMIZATION_LEVEL = 0;
				GCC_PREPROCESSOR_DEFINITIONS = (
					"DEBUG=1",
					"$(inherited)",
				);
				GCC_WARN_64_TO_32_BIT_CONVERSION = YES;
				GCC_WARN_ABOUT_RETURN_TYPE = YES_ERROR;
				GCC_WARN_UNDECLARED_SELECTOR = YES;
				GCC_WARN_UNINITIALIZED_AUTOS = YES_AGGRESSIVE;
				GCC_WARN_UNUSED_FUNCTION = YES;
				GCC_WARN_UNUSED_VARIABLE = YES;
				IPHONEOS_DEPLOYMENT_TARGET = 16.4;
				MTL_ENABLE_DEBUG_INFO = INCLUDE_SOURCE;
				MTL_FAST_MATH = YES;
				ONLY_ACTIVE_ARCH = YES;
				SDKROOT = iphoneos;
				SWIFT_ACTIVE_COMPILATION_CONDITIONS = DEBUG;
				SWIFT_OPTIMIZATION_LEVEL = "-Onone";
			};
			name = Debug;
		};
		2A2D5C4B2ACB119800230547 /* Release */ = {
			isa = XCBuildConfiguration;
			buildSettings = {
				ALWAYS_SEARCH_USER_PATHS = NO;
				CLANG_ANALYZER_NONNULL = YES;
				CLANG_ANALYZER_NUMBER_OBJECT_CONVERSION = YES_AGGRESSIVE;
				CLANG_CXX_LANGUAGE_STANDARD = "gnu++20";
				CLANG_ENABLE_MODULES = YES;
				CLANG_ENABLE_OBJC_ARC = YES;
				CLANG_ENABLE_OBJC_WEAK = YES;
				CLANG_WARN_BLOCK_CAPTURE_AUTORELEASING = YES;
				CLANG_WARN_BOOL_CONVERSION = YES;
				CLANG_WARN_COMMA = YES;
				CLANG_WARN_CONSTANT_CONVERSION = YES;
				CLANG_WARN_DEPRECATED_OBJC_IMPLEMENTATIONS = YES;
				CLANG_WARN_DIRECT_OBJC_ISA_USAGE = YES_ERROR;
				CLANG_WARN_DOCUMENTATION_COMMENTS = YES;
				CLANG_WARN_EMPTY_BODY = YES;
				CLANG_WARN_ENUM_CONVERSION = YES;
				CLANG_WARN_INFINITE_RECURSION = YES;
				CLANG_WARN_INT_CONVERSION = YES;
				CLANG_WARN_NON_LITERAL_NULL_CONVERSION = YES;
				CLANG_WARN_OBJC_IMPLICIT_RETAIN_SELF = YES;
				CLANG_WARN_OBJC_LITERAL_CONVERSION = YES;
				CLANG_WARN_OBJC_ROOT_CLASS = YES_ERROR;
				CLANG_WARN_QUOTED_INCLUDE_IN_FRAMEWORK_HEADER = YES;
				CLANG_WARN_RANGE_LOOP_ANALYSIS = YES;
				CLANG_WARN_STRICT_PROTOTYPES = YES;
				CLANG_WARN_SUSPICIOUS_MOVE = YES;
				CLANG_WARN_UNGUARDED_AVAILABILITY = YES_AGGRESSIVE;
				CLANG_WARN_UNREACHABLE_CODE = YES;
				CLANG_WARN__DUPLICATE_METHOD_MATCH = YES;
				COPY_PHASE_STRIP = NO;
				DEBUG_INFORMATION_FORMAT = "dwarf-with-dsym";
				ENABLE_NS_ASSERTIONS = NO;
				ENABLE_STRICT_OBJC_MSGSEND = YES;
				GCC_C_LANGUAGE_STANDARD = gnu11;
				GCC_NO_COMMON_BLOCKS = YES;
				GCC_WARN_64_TO_32_BIT_CONVERSION = YES;
				GCC_WARN_ABOUT_RETURN_TYPE = YES_ERROR;
				GCC_WARN_UNDECLARED_SELECTOR = YES;
				GCC_WARN_UNINITIALIZED_AUTOS = YES_AGGRESSIVE;
				GCC_WARN_UNUSED_FUNCTION = YES;
				GCC_WARN_UNUSED_VARIABLE = YES;
				IPHONEOS_DEPLOYMENT_TARGET = 16.4;
				MTL_ENABLE_DEBUG_INFO = NO;
				MTL_FAST_MATH = YES;
				SDKROOT = iphoneos;
				SWIFT_COMPILATION_MODE = wholemodule;
				SWIFT_OPTIMIZATION_LEVEL = "-O";
				VALIDATE_PRODUCT = YES;
			};
			name = Release;
		};
		2A2D5C4D2ACB119800230547 /* Debug */ = {
			isa = XCBuildConfiguration;
			buildSettings = {
				ASSETCATALOG_COMPILER_APPICON_NAME = AppIcon;
				ASSETCATALOG_COMPILER_GLOBAL_ACCENT_COLOR_NAME = AccentColor;
				CODE_SIGN_STYLE = Automatic;
				CURRENT_PROJECT_VERSION = 1;
				GENERATE_INFOPLIST_FILE = YES;
				INFOPLIST_FILE = clickerApp/Info.plist;
				INFOPLIST_KEY_UIApplicationSupportsIndirectInputEvents = YES;
				INFOPLIST_KEY_UILaunchStoryboardName = LaunchScreen;
				INFOPLIST_KEY_UIMainStoryboardFile = Main;
				INFOPLIST_KEY_UISupportedInterfaceOrientations_iPad = "UIInterfaceOrientationPortrait UIInterfaceOrientationPortraitUpsideDown UIInterfaceOrientationLandscapeLeft UIInterfaceOrientationLandscapeRight";
				INFOPLIST_KEY_UISupportedInterfaceOrientations_iPhone = "UIInterfaceOrientationPortrait UIInterfaceOrientationLandscapeLeft UIInterfaceOrientationLandscapeRight";
				LD_RUNPATH_SEARCH_PATHS = (
					"$(inherited)",
					"@executable_path/Frameworks",
				);
				MARKETING_VERSION = 1.0;
				PRODUCT_BUNDLE_IDENTIFIER = clc.clickerApp;
				PRODUCT_NAME = "$(TARGET_NAME)";
				SWIFT_EMIT_LOC_STRINGS = YES;
				SWIFT_VERSION = 5.0;
				TARGETED_DEVICE_FAMILY = "1,2";
			};
			name = Debug;
		};
		2A2D5C4E2ACB119800230547 /* Release */ = {
			isa = XCBuildConfiguration;
			buildSettings = {
				ASSETCATALOG_COMPILER_APPICON_NAME = AppIcon;
				ASSETCATALOG_COMPILER_GLOBAL_ACCENT_COLOR_NAME = AccentColor;
				CODE_SIGN_STYLE = Automatic;
				CURRENT_PROJECT_VERSION = 1;
				GENERATE_INFOPLIST_FILE = YES;
				INFOPLIST_FILE = clickerApp/Info.plist;
				INFOPLIST_KEY_UIApplicationSupportsIndirectInputEvents = YES;
				INFOPLIST_KEY_UILaunchStoryboardName = LaunchScreen;
				INFOPLIST_KEY_UIMainStoryboardFile = Main;
				INFOPLIST_KEY_UISupportedInterfaceOrientations_iPad = "UIInterfaceOrientationPortrait UIInterfaceOrientationPortraitUpsideDown UIInterfaceOrientationLandscapeLeft UIInterfaceOrientationLandscapeRight";
				INFOPLIST_KEY_UISupportedInterfaceOrientations_iPhone = "UIInterfaceOrientationPortrait UIInterfaceOrientationLandscapeLeft UIInterfaceOrientationLandscapeRight";
				LD_RUNPATH_SEARCH_PATHS = (
					"$(inherited)",
					"@executable_path/Frameworks",
				);
				MARKETING_VERSION = 1.0;
				PRODUCT_BUNDLE_IDENTIFIER = clc.clickerApp;
				PRODUCT_NAME = "$(TARGET_NAME)";
				SWIFT_EMIT_LOC_STRINGS = YES;
				SWIFT_VERSION = 5.0;
				TARGETED_DEVICE_FAMILY = "1,2";
			};
			name = Release;
		};
		2A2D5C502ACB119800230547 /* Debug */ = {
			isa = XCBuildConfiguration;
			buildSettings = {
				ALWAYS_EMBED_SWIFT_STANDARD_LIBRARIES = YES;
				BUNDLE_LOADER = "$(TEST_HOST)";
				CODE_SIGN_STYLE = Automatic;
				CURRENT_PROJECT_VERSION = 1;
				GENERATE_INFOPLIST_FILE = YES;
				IPHONEOS_DEPLOYMENT_TARGET = 16.4;
				MARKETING_VERSION = 1.0;
				PRODUCT_BUNDLE_IDENTIFIER = clc.clickerAppTests;
				PRODUCT_NAME = "$(TARGET_NAME)";
				SWIFT_EMIT_LOC_STRINGS = NO;
				SWIFT_VERSION = 5.0;
				TARGETED_DEVICE_FAMILY = "1,2";
				TEST_HOST = "$(BUILT_PRODUCTS_DIR)/clickerApp.app/$(BUNDLE_EXECUTABLE_FOLDER_PATH)/clickerApp";
			};
			name = Debug;
		};
		2A2D5C512ACB119800230547 /* Release */ = {
			isa = XCBuildConfiguration;
			buildSettings = {
				ALWAYS_EMBED_SWIFT_STANDARD_LIBRARIES = YES;
				BUNDLE_LOADER = "$(TEST_HOST)";
				CODE_SIGN_STYLE = Automatic;
				CURRENT_PROJECT_VERSION = 1;
				GENERATE_INFOPLIST_FILE = YES;
				IPHONEOS_DEPLOYMENT_TARGET = 16.4;
				MARKETING_VERSION = 1.0;
				PRODUCT_BUNDLE_IDENTIFIER = clc.clickerAppTests;
				PRODUCT_NAME = "$(TARGET_NAME)";
				SWIFT_EMIT_LOC_STRINGS = NO;
				SWIFT_VERSION = 5.0;
				TARGETED_DEVICE_FAMILY = "1,2";
				TEST_HOST = "$(BUILT_PRODUCTS_DIR)/clickerApp.app/$(BUNDLE_EXECUTABLE_FOLDER_PATH)/clickerApp";
			};
			name = Release;
		};
		2A2D5C532ACB119800230547 /* Debug */ = {
			isa = XCBuildConfiguration;
			buildSettings = {
				ALWAYS_EMBED_SWIFT_STANDARD_LIBRARIES = YES;
				CODE_SIGN_STYLE = Automatic;
				CURRENT_PROJECT_VERSION = 1;
				GENERATE_INFOPLIST_FILE = YES;
				MARKETING_VERSION = 1.0;
				PRODUCT_BUNDLE_IDENTIFIER = clc.clickerAppUITests;
				PRODUCT_NAME = "$(TARGET_NAME)";
				SWIFT_EMIT_LOC_STRINGS = NO;
				SWIFT_VERSION = 5.0;
				TARGETED_DEVICE_FAMILY = "1,2";
				TEST_TARGET_NAME = clickerApp;
			};
			name = Debug;
		};
		2A2D5C542ACB119800230547 /* Release */ = {
			isa = XCBuildConfiguration;
			buildSettings = {
				ALWAYS_EMBED_SWIFT_STANDARD_LIBRARIES = YES;
				CODE_SIGN_STYLE = Automatic;
				CURRENT_PROJECT_VERSION = 1;
				GENERATE_INFOPLIST_FILE = YES;
				MARKETING_VERSION = 1.0;
				PRODUCT_BUNDLE_IDENTIFIER = clc.clickerAppUITests;
				PRODUCT_NAME = "$(TARGET_NAME)";
				SWIFT_EMIT_LOC_STRINGS = NO;
				SWIFT_VERSION = 5.0;
				TARGETED_DEVICE_FAMILY = "1,2";
				TEST_TARGET_NAME = clickerApp;
			};
			name = Release;
		};
/* End XCBuildConfiguration section */

/* Begin XCConfigurationList section */
		2A2D5C1A2ACB119600230547 /* Build configuration list for PBXProject "clickerApp" */ = {
			isa = XCConfigurationList;
			buildConfigurations = (
				2A2D5C4A2ACB119800230547 /* Debug */,
				2A2D5C4B2ACB119800230547 /* Release */,
			);
			defaultConfigurationIsVisible = 0;
			defaultConfigurationName = Release;
		};
		2A2D5C4C2ACB119800230547 /* Build configuration list for PBXNativeTarget "clickerApp" */ = {
			isa = XCConfigurationList;
			buildConfigurations = (
				2A2D5C4D2ACB119800230547 /* Debug */,
				2A2D5C4E2ACB119800230547 /* Release */,
			);
			defaultConfigurationIsVisible = 0;
			defaultConfigurationName = Release;
		};
		2A2D5C4F2ACB119800230547 /* Build configuration list for PBXNativeTarget "clickerAppTests" */ = {
			isa = XCConfigurationList;
			buildConfigurations = (
				2A2D5C502ACB119800230547 /* Debug */,
				2A2D5C512ACB119800230547 /* Release */,
			);
			defaultConfigurationIsVisible = 0;
			defaultConfigurationName = Release;
		};
		2A2D5C522ACB119800230547 /* Build configuration list for PBXNativeTarget "clickerAppUITests" */ = {
			isa = XCConfigurationList;
			buildConfigurations = (
				2A2D5C532ACB119800230547 /* Debug */,
				2A2D5C542ACB119800230547 /* Release */,
			);
			defaultConfigurationIsVisible = 0;
			defaultConfigurationName = Release;
		};
/* End XCConfigurationList section */

/* Begin XCVersionGroup section */
		2A2D5C2B2ACB119600230547 /* clickerApp.xcdatamodeld */ = {
			isa = XCVersionGroup;
			children = (
				2A2D5C2C2ACB119600230547 /* clickerApp.xcdatamodel */,
			);
			currentVersion = 2A2D5C2C2ACB119600230547 /* clickerApp.xcdatamodel */;
			path = clickerApp.xcdatamodeld;
			sourceTree = "<group>";
			versionGroupType = wrapper.xcdatamodel;
		};
/* End XCVersionGroup section */
	};
	rootObject = 2A2D5C172ACB119600230547 /* Project object */;
}
